// !$*UTF8*$!
{
	archiveVersion = 1;
	classes = {
	};
	objectVersion = 46;
	objects = {

/* Begin PBXBuildFile section */
		010273A97B98EE1BC91AD833 /* LoopSequenceExecutor.cpp */ = {isa = PBXBuildFile; fileRef = 6C3C19B95CBA4A1B78709354; };
		1BD6B8B750F032AAEA6A09E0 /* TremoloEffect.cpp */ = {isa = PBXBuildFile; fileRef = 847DBBDF148426C0D81EC857; };
		1D2D597622AFFCB1780DDC45 /* include_juce_audio_processors_headless_ara.cpp */ = {isa = PBXBuildFile; fileRef = F666A0E302E60B8678E06A04; };
		1D6AA30D8D58515EE3EBB238 /* CoreAudioKit.framework */ = {isa = PBXBuildFile; fileRef = 5D865F5C4E0C5C656AA8F5D8; };
		1E3AB7E8575DF642FD479AC5 /* include_juce_core.mm */ = {isa = PBXBuildFile; fileRef = 373264EEBF4B1D74EB7892D0; };
		203F8CA8490B909206FE4A51 /* include_juce_audio_formats.mm */ = {isa = PBXBuildFile; fileRef = 5E2FF2B97C08B9A2FFFAAA5F; };
		20D1C49A8F3099219EF75709 /* include_juce_gui_extra.mm */ = {isa = PBXBuildFile; fileRef = 56C06F5B2296FB80AAAEF5C1; };
		28C6E76CF6B7DDD433293508 /* LoopRecorder.cpp */ = {isa = PBXBuildFile; fileRef = 7DDE78D09EB9A256B66DD18D; };
		32DD2BA179F2CDB3D5FC806A /* FilterEffect.cpp */ = {isa = PBXBuildFile; fileRef = BEC860FA20BC490C2229A725; };
		330E6A4C04D712E3D2FB5AB4 /* include_juce_dsp.mm */ = {isa = PBXBuildFile; fileRef = 8D72963246B2D5EB6E005C61; };
		336A0B6D8A3D0A4ECB0E0280 /* MetalKit.framework */ = {isa = PBXBuildFile; fileRef = 6C749716A2F885BA2670CA0B; settings = { ATTRIBUTES = (Weak, ); }; };
		3F92B8ADBEDCB3ADB7E5E3FA /* CoreMIDI.framework */ = {isa = PBXBuildFile; fileRef = 29E597774F365ADDC2491183; };
		425A87900B54C34248E6039A /* WebKit.framework */ = {isa = PBXBuildFile; fileRef = E92CEE254620D153D003D2A7; };
		4B0BA4FE369861080A5BAD0D /* RecentFilesMenuTemplate.nib */ = {isa = PBXBuildFile; fileRef = 518651CED7349FEA8583830D; };
		4CFB75D27ADD033C3E18802F /* Main.cpp */ = {isa = PBXBuildFile; fileRef = 7A36E8D7C71524DC283FF809; };
		5AAF283468138E73ADB9575D /* LoopAutomationEditor.cpp */ = {isa = PBXBuildFile; fileRef = 3033C8215405B732A7CB05B5; };
		61AF13ACA3F0CC6E71182574 /* GranularEffect.cpp */ = {isa = PBXBuildFile; fileRef = BEA1732E55C884953AD86015; };
		688AD81C7C561C0144FEA8F7 /* include_juce_audio_processors_headless.mm */ = {isa = PBXBuildFile; fileRef = 015F3F77CB4919513BE56A85; };
		6B66C38FD856DFF59ABEBB89 /* MainComponent.cpp */ = {isa = PBXBuildFile; fileRef = 2FF36DE6990888AEF6B6311C; };
		6C40F0C13C323F1AF00F39FD /* EffectsChain.cpp */ = {isa = PBXBuildFile; fileRef = D4BB635B0F9B72D1A868FA69; };
		6E9EA735C6C3BA5B7FE6AE9A /* Cocoa.framework */ = {isa = PBXBuildFile; fileRef = 85A0D6A03393158B2F9A2500; };
		6F3148B90537C7078FE6A041 /* DiscRecording.framework */ = {isa = PBXBuildFile; fileRef = 01406582E09B34A43F722632; };
		6F4DAE9ECF7155E5249FD132 /* include_juce_events.mm */ = {isa = PBXBuildFile; fileRef = 3D4D9A881A57971D229EE843; };
		7071654B745AAC986406AF1D /* QuartzCore.framework */ = {isa = PBXBuildFile; fileRef = CA6C024B2429CCD34785001E; };
		716CE2F95169BD45023DA776 /* FFTProcessor.cpp */ = {isa = PBXBuildFile; fileRef = 73C2CE6474EACFE5B22F2B4A; };
		77C449462472E98B40627E25 /* CoreAudio.framework */ = {isa = PBXBuildFile; fileRef = C78D307234DD764C78D0D2D7; };
		7C5AB72796F47B5A86F957E1 /* include_juce_core_CompilationTime.cpp */ = {isa = PBXBuildFile; fileRef = 9EA6777728056C5BA63DE948; };
		8F1FC85C1E8B1215FE7E2D41 /* include_juce_audio_utils.mm */ = {isa = PBXBuildFile; fileRef = 6E2305D167317CBEDB13E728; };
		91FAC5A8C80AF843697E366C /* TapeEffect.cpp */ = {isa = PBXBuildFile; fileRef = 93510E6D275AE95CD5488C50; };
		A0936D43A5E259520CDF4B6B /* include_juce_audio_basics.mm */ = {isa = PBXBuildFile; fileRef = 83B1D91DC77489AC25D78D07; };
		A2CD47986732A93F531C06AA /* include_juce_graphics_Harfbuzz.cpp */ = {isa = PBXBuildFile; fileRef = 870E5B91494172D73C4F20B2; };
		A3FBC53725D25FC2DA97BCE2 /* ModulationManager.cpp */ = {isa = PBXBuildFile; fileRef = B4A43A30879951E76FE7C212; };
		A435D23B262105695A2192F0 /* Security.framework */ = {isa = PBXBuildFile; fileRef = 91C40B59C588BEB599C5B0F2; };
		A4DB946C6750723A8DA83A79 /* include_juce_audio_processors_headless_lv2_libs.cpp */ = {isa = PBXBuildFile; fileRef = 8A0AD06F1EAFFDEFECAB4262; };
		A988EE211086665F1D70CB98 /* include_juce_graphics.mm */ = {isa = PBXBuildFile; fileRef = DFBD685C1F8F1CE001BEF091; };
		AC7639391E5D11B5006690B3 /* IOKit.framework */ = {isa = PBXBuildFile; fileRef = 0EF991D2BCB27585EC7F4641; };
		B3C54D3506F031A27E933BAA /* AudioToolbox.framework */ = {isa = PBXBuildFile; fileRef = B4B5F4B9419AC75AB62A17C0; };
		BBD92C1F8C797C5C10915D4D /* App */ = {isa = PBXBuildFile; fileRef = F7B75CDE94F2C7032FA3A7C8; };
		BF05F37FACEC59CB7C46BF45 /* include_juce_data_structures.mm */ = {isa = PBXBuildFile; fileRef = F73FE0D2D39737FD87EDD983; };
		C3300AEDBE0701A0D9E0A2D6 /* Accelerate.framework */ = {isa = PBXBuildFile; fileRef = 91B7D8C9B66B844748D71EE0; };
		C50893123570C718C8236120 /* include_juce_audio_devices.mm */ = {isa = PBXBuildFile; fileRef = CC81B413AEBCAD26D85D47CB; };
		D68876016B76C0BE08468EF4 /* include_juce_audio_processors.mm */ = {isa = PBXBuildFile; fileRef = 3CDADE01B25286B6E6EFB1F1; };
		D81EAA8861670D5CA91E5119 /* include_juce_graphics_Sheenbidi.c */ = {isa = PBXBuildFile; fileRef = 8477C12290249D9CABFA3707; };
		E91C9F3D17CA5B111F0C6724 /* Metal.framework */ = {isa = PBXBuildFile; fileRef = 180C635708A6589034339260; settings = { ATTRIBUTES = (Weak, ); }; };
		EFDFD2A30CFEF73AFAAACAA6 /* include_juce_gui_basics.mm */ = {isa = PBXBuildFile; fileRef = 1E0CF7D2AF13EDDB1E9DA716; };
		F3409EBE55A8FBD9742464A5 /* DistortionEffect.cpp */ = {isa = PBXBuildFile; fileRef = 37C94EB3755465B82B0B6440; };
		F638E16E7C29040FB7477844 /* Foundation.framework */ = {isa = PBXBuildFile; fileRef = 7A8EBC5A9EBA601B2D42DFED; };
		FC9B2BD6533F344A4144E394 /* DelayEffect.cpp */ = {isa = PBXBuildFile; fileRef = B1DE79342FFF52FF3FBE9F74; };
/* End PBXBuildFile section */

/* Begin PBXFileReference section */
		01406582E09B34A43F722632 /* DiscRecording.framework */ /* DiscRecording.framework */ = {isa = PBXFileReference; lastKnownFileType = wrapper.framework; name = DiscRecording.framework; path = System/Library/Frameworks/DiscRecording.framework; sourceTree = SDKROOT; };
		015F3F77CB4919513BE56A85 /* include_juce_audio_processors_headless.mm */ /* include_juce_audio_processors_headless.mm */ = {isa = PBXFileReference; lastKnownFileType = sourcecode.cpp.objcpp; name = include_juce_audio_processors_headless.mm; path = ../../JuceLibraryCode/include_juce_audio_processors_headless.mm; sourceTree = SOURCE_ROOT; };
		0EF991D2BCB27585EC7F4641 /* IOKit.framework */ /* IOKit.framework */ = {isa = PBXFileReference; lastKnownFileType = wrapper.framework; name = IOKit.framework; path = System/Library/Frameworks/IOKit.framework; sourceTree = SDKROOT; };
		10412D5AB9C7ABA83786F386 /* TapeEffect.h */ /* TapeEffect.h */ = {isa = PBXFileReference; lastKnownFileType = sourcecode.c.h; name = TapeEffect.h; path = ../../Source/Effects/TapeEffect.h; sourceTree = SOURCE_ROOT; };
		1133BAEDCCFF955C9928D4CE /* juce_audio_processors */ /* juce_audio_processors */ = {isa = PBXFileReference; lastKnownFileType = folder; name = juce_audio_processors; path = /Users/aidan/Downloads/JUCE/modules/juce_audio_processors; sourceTree = "<absolute>"; };
		180C635708A6589034339260 /* Metal.framework */ /* Metal.framework */ = {isa = PBXFileReference; lastKnownFileType = wrapper.framework; name = Metal.framework; path = System/Library/Frameworks/Metal.framework; sourceTree = SDKROOT; };
		1E0CF7D2AF13EDDB1E9DA716 /* include_juce_gui_basics.mm */ /* include_juce_gui_basics.mm */ = {isa = PBXFileReference; lastKnownFileType = sourcecode.cpp.objcpp; name = include_juce_gui_basics.mm; path = ../../JuceLibraryCode/include_juce_gui_basics.mm; sourceTree = SOURCE_ROOT; };
		2746CA99A35D3D243DAC36D9 /* juce_core */ /* juce_core */ = {isa = PBXFileReference; lastKnownFileType = folder; name = juce_core; path = /Users/aidan/Downloads/JUCE/modules/juce_core; sourceTree = "<absolute>"; };
		28987FBEF847F79A4A2EA763 /* juce_data_structures */ /* juce_data_structures */ = {isa = PBXFileReference; lastKnownFileType = folder; name = juce_data_structures; path = /Users/aidan/Downloads/JUCE/modules/juce_data_structures; sourceTree = "<absolute>"; };
		2957EF27589AEEFBA8859076 /* juce_dsp */ /* juce_dsp */ = {isa = PBXFileReference; lastKnownFileType = folder; name = juce_dsp; path = /Users/aidan/Downloads/JUCE/modules/juce_dsp; sourceTree = "<absolute>"; };
		29E597774F365ADDC2491183 /* CoreMIDI.framework */ /* CoreMIDI.framework */ = {isa = PBXFileReference; lastKnownFileType = wrapper.framework; name = CoreMIDI.framework; path = System/Library/Frameworks/CoreMIDI.framework; sourceTree = SDKROOT; };
		2B9960C927F8A8911F576CE0 /* LoopAutomation.h */ /* LoopAutomation.h */ = {isa = PBXFileReference; lastKnownFileType = sourcecode.c.h; name = LoopAutomation.h; path = ../../Source/LoopAutomation.h; sourceTree = SOURCE_ROOT; };
		2FF36DE6990888AEF6B6311C /* MainComponent.cpp */ /* MainComponent.cpp */ = {isa = PBXFileReference; lastKnownFileType = sourcecode.cpp.cpp; name = MainComponent.cpp; path = ../../Source/MainComponent.cpp; sourceTree = SOURCE_ROOT; };
		3033C8215405B732A7CB05B5 /* LoopAutomationEditor.cpp */ /* LoopAutomationEditor.cpp */ = {isa = PBXFileReference; lastKnownFileType = sourcecode.cpp.cpp; name = LoopAutomationEditor.cpp; path = ../../Source/LoopAutomationEditor.cpp; sourceTree = SOURCE_ROOT; };
		373264EEBF4B1D74EB7892D0 /* include_juce_core.mm */ /* include_juce_core.mm */ = {isa = PBXFileReference; lastKnownFileType = sourcecode.cpp.objcpp; name = include_juce_core.mm; path = ../../JuceLibraryCode/include_juce_core.mm; sourceTree = SOURCE_ROOT; };
		37C94EB3755465B82B0B6440 /* DistortionEffect.cpp */ /* DistortionEffect.cpp */ = {isa = PBXFileReference; lastKnownFileType = sourcecode.cpp.cpp; name = DistortionEffect.cpp; path = ../../Source/Effects/DistortionEffect.cpp; sourceTree = SOURCE_ROOT; };
		3CDADE01B25286B6E6EFB1F1 /* include_juce_audio_processors.mm */ /* include_juce_audio_processors.mm */ = {isa = PBXFileReference; lastKnownFileType = sourcecode.cpp.objcpp; name = include_juce_audio_processors.mm; path = ../../JuceLibraryCode/include_juce_audio_processors.mm; sourceTree = SOURCE_ROOT; };
		3D4D9A881A57971D229EE843 /* include_juce_events.mm */ /* include_juce_events.mm */ = {isa = PBXFileReference; lastKnownFileType = sourcecode.cpp.objcpp; name = include_juce_events.mm; path = ../../JuceLibraryCode/include_juce_events.mm; sourceTree = SOURCE_ROOT; };
		41412E3D98729B0A63E2DAA4 /* DistortionEffect.h */ /* DistortionEffect.h */ = {isa = PBXFileReference; lastKnownFileType = sourcecode.c.h; name = DistortionEffect.h; path = ../../Source/Effects/DistortionEffect.h; sourceTree = SOURCE_ROOT; };
		518651CED7349FEA8583830D /* RecentFilesMenuTemplate.nib */ /* RecentFilesMenuTemplate.nib */ = {isa = PBXFileReference; lastKnownFileType = file.nib; name = RecentFilesMenuTemplate.nib; path = RecentFilesMenuTemplate.nib; sourceTree = SOURCE_ROOT; };
		56C06F5B2296FB80AAAEF5C1 /* include_juce_gui_extra.mm */ /* include_juce_gui_extra.mm */ = {isa = PBXFileReference; lastKnownFileType = sourcecode.cpp.objcpp; name = include_juce_gui_extra.mm; path = ../../JuceLibraryCode/include_juce_gui_extra.mm; sourceTree = SOURCE_ROOT; };
		5AE2FF01E264506F2B785150 /* EffectBase.h */ /* EffectBase.h */ = {isa = PBXFileReference; lastKnownFileType = sourcecode.c.h; name = EffectBase.h; path = ../../Source/Effects/EffectBase.h; sourceTree = SOURCE_ROOT; };
		5D865F5C4E0C5C656AA8F5D8 /* CoreAudioKit.framework */ /* CoreAudioKit.framework */ = {isa = PBXFileReference; lastKnownFileType = wrapper.framework; name = CoreAudioKit.framework; path = System/Library/Frameworks/CoreAudioKit.framework; sourceTree = SDKROOT; };
		5E2FF2B97C08B9A2FFFAAA5F /* include_juce_audio_formats.mm */ /* include_juce_audio_formats.mm */ = {isa = PBXFileReference; lastKnownFileType = sourcecode.cpp.objcpp; name = include_juce_audio_formats.mm; path = ../../JuceLibraryCode/include_juce_audio_formats.mm; sourceTree = SOURCE_ROOT; };
		63578D4E360163D31EB437C4 /* LoopSequenceExecutor.h */ /* LoopSequenceExecutor.h */ = {isa = PBXFileReference; lastKnownFileType = sourcecode.c.h; name = LoopSequenceExecutor.h; path = ../../Source/LoopSequenceExecutor.h; sourceTree = SOURCE_ROOT; };
		6C3C19B95CBA4A1B78709354 /* LoopSequenceExecutor.cpp */ /* LoopSequenceExecutor.cpp */ = {isa = PBXFileReference; lastKnownFileType = sourcecode.cpp.cpp; name = LoopSequenceExecutor.cpp; path = ../../Source/LoopSequenceExecutor.cpp; sourceTree = SOURCE_ROOT; };
		6C749716A2F885BA2670CA0B /* MetalKit.framework */ /* MetalKit.framework */ = {isa = PBXFileReference; lastKnownFileType = wrapper.framework; name = MetalKit.framework; path = System/Library/Frameworks/MetalKit.framework; sourceTree = SDKROOT; };
		6E2305D167317CBEDB13E728 /* include_juce_audio_utils.mm */ /* include_juce_audio_utils.mm */ = {isa = PBXFileReference; lastKnownFileType = sourcecode.cpp.objcpp; name = include_juce_audio_utils.mm; path = ../../JuceLibraryCode/include_juce_audio_utils.mm; sourceTree = SOURCE_ROOT; };
		6F23E24BFE145D40E70C89F6 /* ModulationPanel.h */ /* ModulationPanel.h */ = {isa = PBXFileReference; lastKnownFileType = sourcecode.c.h; name = ModulationPanel.h; path = ../../Source/Modulation/ModulationPanel.h; sourceTree = SOURCE_ROOT; };
		73C2CE6474EACFE5B22F2B4A /* FFTProcessor.cpp */ /* FFTProcessor.cpp */ = {isa = PBXFileReference; lastKnownFileType = sourcecode.cpp.cpp; name = FFTProcessor.cpp; path = ../../Source/FFTProcessor.cpp; sourceTree = SOURCE_ROOT; };
		75614C5D1C566AF07BDD10B2 /* juce_audio_basics */ /* juce_audio_basics */ = {isa = PBXFileReference; lastKnownFileType = folder; name = juce_audio_basics; path = /Users/aidan/Downloads/JUCE/modules/juce_audio_basics; sourceTree = "<absolute>"; };
		76E65157162FE7D9607A1B5D /* juce_audio_devices */ /* juce_audio_devices */ = {isa = PBXFileReference; lastKnownFileType = folder; name = juce_audio_devices; path = /Users/aidan/Downloads/JUCE/modules/juce_audio_devices; sourceTree = "<absolute>"; };
		77995C973047FC74553B322F /* juce_gui_basics */ /* juce_gui_basics */ = {isa = PBXFileReference; lastKnownFileType = folder; name = juce_gui_basics; path = /Users/aidan/Downloads/JUCE/modules/juce_gui_basics; sourceTree = "<absolute>"; };
		794AC0382506848B3D6BFDE8 /* DelayEffect.h */ /* DelayEffect.h */ = {isa = PBXFileReference; lastKnownFileType = sourcecode.c.h; name = DelayEffect.h; path = ../../Source/Effects/DelayEffect.h; sourceTree = SOURCE_ROOT; };
		7A36E8D7C71524DC283FF809 /* Main.cpp */ /* Main.cpp */ = {isa = PBXFileReference; lastKnownFileType = sourcecode.cpp.cpp; name = Main.cpp; path = ../../Source/Main.cpp; sourceTree = SOURCE_ROOT; };
		7A8EBC5A9EBA601B2D42DFED /* Foundation.framework */ /* Foundation.framework */ = {isa = PBXFileReference; lastKnownFileType = wrapper.framework; name = Foundation.framework; path = System/Library/Frameworks/Foundation.framework; sourceTree = SDKROOT; };
		7DDE78D09EB9A256B66DD18D /* LoopRecorder.cpp */ /* LoopRecorder.cpp */ = {isa = PBXFileReference; lastKnownFileType = sourcecode.cpp.cpp; name = LoopRecorder.cpp; path = ../../Source/LoopRecorder.cpp; sourceTree = SOURCE_ROOT; };
		83B1D91DC77489AC25D78D07 /* include_juce_audio_basics.mm */ /* include_juce_audio_basics.mm */ = {isa = PBXFileReference; lastKnownFileType = sourcecode.cpp.objcpp; name = include_juce_audio_basics.mm; path = ../../JuceLibraryCode/include_juce_audio_basics.mm; sourceTree = SOURCE_ROOT; };
		8477C12290249D9CABFA3707 /* include_juce_graphics_Sheenbidi.c */ /* include_juce_graphics_Sheenbidi.c */ = {isa = PBXFileReference; lastKnownFileType = sourcecode.c.c; name = include_juce_graphics_Sheenbidi.c; path = ../../JuceLibraryCode/include_juce_graphics_Sheenbidi.c; sourceTree = SOURCE_ROOT; };
		847DBBDF148426C0D81EC857 /* TremoloEffect.cpp */ /* TremoloEffect.cpp */ = {isa = PBXFileReference; lastKnownFileType = sourcecode.cpp.cpp; name = TremoloEffect.cpp; path = ../../Source/Effects/TremoloEffect.cpp; sourceTree = SOURCE_ROOT; };
		85A0D6A03393158B2F9A2500 /* Cocoa.framework */ /* Cocoa.framework */ = {isa = PBXFileReference; lastKnownFileType = wrapper.framework; name = Cocoa.framework; path = System/Library/Frameworks/Cocoa.framework; sourceTree = SDKROOT; };
		870E5B91494172D73C4F20B2 /* include_juce_graphics_Harfbuzz.cpp */ /* include_juce_graphics_Harfbuzz.cpp */ = {isa = PBXFileReference; lastKnownFileType = sourcecode.cpp.cpp; name = include_juce_graphics_Harfbuzz.cpp; path = ../../JuceLibraryCode/include_juce_graphics_Harfbuzz.cpp; sourceTree = SOURCE_ROOT; };
		89FABDAA426BFBBD811E7B6A /* MainComponent.h */ /* MainComponent.h */ = {isa = PBXFileReference; lastKnownFileType = sourcecode.c.h; name = MainComponent.h; path = ../../Source/MainComponent.h; sourceTree = SOURCE_ROOT; };
		8A0AD06F1EAFFDEFECAB4262 /* include_juce_audio_processors_headless_lv2_libs.cpp */ /* include_juce_audio_processors_headless_lv2_libs.cpp */ = {isa = PBXFileReference; lastKnownFileType = sourcecode.cpp.cpp; name = include_juce_audio_processors_headless_lv2_libs.cpp; path = ../../JuceLibraryCode/include_juce_audio_processors_headless_lv2_libs.cpp; sourceTree = SOURCE_ROOT; };
		8D72963246B2D5EB6E005C61 /* include_juce_dsp.mm */ /* include_juce_dsp.mm */ = {isa = PBXFileReference; lastKnownFileType = sourcecode.cpp.objcpp; name = include_juce_dsp.mm; path = ../../JuceLibraryCode/include_juce_dsp.mm; sourceTree = SOURCE_ROOT; };
		8E8AEBA9B477A30B2F0D6990 /* juce_audio_formats */ /* juce_audio_formats */ = {isa = PBXFileReference; lastKnownFileType = folder; name = juce_audio_formats; path = /Users/aidan/Downloads/JUCE/modules/juce_audio_formats; sourceTree = "<absolute>"; };
		906F9C73F1334798633D6C5C /* LoopAutomationEditor.h */ /* LoopAutomationEditor.h */ = {isa = PBXFileReference; lastKnownFileType = sourcecode.c.h; name = LoopAutomationEditor.h; path = ../../Source/LoopAutomationEditor.h; sourceTree = SOURCE_ROOT; };
		91B7D8C9B66B844748D71EE0 /* Accelerate.framework */ /* Accelerate.framework */ = {isa = PBXFileReference; lastKnownFileType = wrapper.framework; name = Accelerate.framework; path = System/Library/Frameworks/Accelerate.framework; sourceTree = SDKROOT; };
		91C40B59C588BEB599C5B0F2 /* Security.framework */ /* Security.framework */ = {isa = PBXFileReference; lastKnownFileType = wrapper.framework; name = Security.framework; path = System/Library/Frameworks/Security.framework; sourceTree = SDKROOT; };
		91F1271FCE68B15DC0F6E89E /* juce_audio_utils */ /* juce_audio_utils */ = {isa = PBXFileReference; lastKnownFileType = folder; name = juce_audio_utils; path = /Users/aidan/Downloads/JUCE/modules/juce_audio_utils; sourceTree = "<absolute>"; };
		9301C0D1FFAEE443E739D252 /* ModulationSource.h */ /* ModulationSource.h */ = {isa = PBXFileReference; lastKnownFileType = sourcecode.c.h; name = ModulationSource.h; path = ../../Source/Modulation/ModulationSource.h; sourceTree = SOURCE_ROOT; };
		93510E6D275AE95CD5488C50 /* TapeEffect.cpp */ /* TapeEffect.cpp */ = {isa = PBXFileReference; lastKnownFileType = sourcecode.cpp.cpp; name = TapeEffect.cpp; path = ../../Source/Effects/TapeEffect.cpp; sourceTree = SOURCE_ROOT; };
		9EA6777728056C5BA63DE948 /* include_juce_core_CompilationTime.cpp */ /* include_juce_core_CompilationTime.cpp */ = {isa = PBXFileReference; lastKnownFileType = sourcecode.cpp.cpp; name = include_juce_core_CompilationTime.cpp; path = ../../JuceLibraryCode/include_juce_core_CompilationTime.cpp; sourceTree = SOURCE_ROOT; };
		A878B4083E33C69B308C9CBB /* juce_audio_processors_headless */ /* juce_audio_processors_headless */ = {isa = PBXFileReference; lastKnownFileType = folder; name = juce_audio_processors_headless; path = /Users/aidan/Downloads/JUCE/modules/juce_audio_processors_headless; sourceTree = "<absolute>"; };
		B1DE79342FFF52FF3FBE9F74 /* DelayEffect.cpp */ /* DelayEffect.cpp */ = {isa = PBXFileReference; lastKnownFileType = sourcecode.cpp.cpp; name = DelayEffect.cpp; path = ../../Source/Effects/DelayEffect.cpp; sourceTree = SOURCE_ROOT; };
		B4A43A30879951E76FE7C212 /* ModulationManager.cpp */ /* ModulationManager.cpp */ = {isa = PBXFileReference; lastKnownFileType = sourcecode.cpp.cpp; name = ModulationManager.cpp; path = ../../Source/Modulation/ModulationManager.cpp; sourceTree = SOURCE_ROOT; };
		B4B5F4B9419AC75AB62A17C0 /* AudioToolbox.framework */ /* AudioToolbox.framework */ = {isa = PBXFileReference; lastKnownFileType = wrapper.framework; name = AudioToolbox.framework; path = System/Library/Frameworks/AudioToolbox.framework; sourceTree = SDKROOT; };
		B91E1676C34B6C4C4E9B29AB /* ModulationManager.h */ /* ModulationManager.h */ = {isa = PBXFileReference; lastKnownFileType = sourcecode.c.h; name = ModulationManager.h; path = ../../Source/Modulation/ModulationManager.h; sourceTree = SOURCE_ROOT; };
		BEA1732E55C884953AD86015 /* GranularEffect.cpp */ /* GranularEffect.cpp */ = {isa = PBXFileReference; lastKnownFileType = sourcecode.cpp.cpp; name = GranularEffect.cpp; path = ../../Source/Effects/GranularEffect.cpp; sourceTree = SOURCE_ROOT; };
		BEC860FA20BC490C2229A725 /* FilterEffect.cpp */ /* FilterEffect.cpp */ = {isa = PBXFileReference; lastKnownFileType = sourcecode.cpp.cpp; name = FilterEffect.cpp; path = ../../Source/Effects/FilterEffect.cpp; sourceTree = SOURCE_ROOT; };
		C1EF9213142E36EEB878D852 /* EffectsChain.h */ /* EffectsChain.h */ = {isa = PBXFileReference; lastKnownFileType = sourcecode.c.h; name = EffectsChain.h; path = ../../Source/Effects/EffectsChain.h; sourceTree = SOURCE_ROOT; };
		C4A90FBFA8E099CCD429903F /* FFTProcessor.h */ /* FFTProcessor.h */ = {isa = PBXFileReference; lastKnownFileType = sourcecode.c.h; name = FFTProcessor.h; path = ../../Source/FFTProcessor.h; sourceTree = SOURCE_ROOT; };
		C78D307234DD764C78D0D2D7 /* CoreAudio.framework */ /* CoreAudio.framework */ = {isa = PBXFileReference; lastKnownFileType = wrapper.framework; name = CoreAudio.framework; path = System/Library/Frameworks/CoreAudio.framework; sourceTree = SDKROOT; };
		CA6C024B2429CCD34785001E /* QuartzCore.framework */ /* QuartzCore.framework */ = {isa = PBXFileReference; lastKnownFileType = wrapper.framework; name = QuartzCore.framework; path = System/Library/Frameworks/QuartzCore.framework; sourceTree = SDKROOT; };
		CB71DDBF7054196DFD4DD6A5 /* FilterEffect.h */ /* FilterEffect.h */ = {isa = PBXFileReference; lastKnownFileType = sourcecode.c.h; name = FilterEffect.h; path = ../../Source/Effects/FilterEffect.h; sourceTree = SOURCE_ROOT; };
		CC81B413AEBCAD26D85D47CB /* include_juce_audio_devices.mm */ /* include_juce_audio_devices.mm */ = {isa = PBXFileReference; lastKnownFileType = sourcecode.cpp.objcpp; name = include_juce_audio_devices.mm; path = ../../JuceLibraryCode/include_juce_audio_devices.mm; sourceTree = SOURCE_ROOT; };
		CE62DF4AFB1432351BEBC4D4 /* GranularEffect.h */ /* GranularEffect.h */ = {isa = PBXFileReference; lastKnownFileType = sourcecode.c.h; name = GranularEffect.h; path = ../../Source/Effects/GranularEffect.h; sourceTree = SOURCE_ROOT; };
		D4BB635B0F9B72D1A868FA69 /* EffectsChain.cpp */ /* EffectsChain.cpp */ = {isa = PBXFileReference; lastKnownFileType = sourcecode.cpp.cpp; name = EffectsChain.cpp; path = ../../Source/Effects/EffectsChain.cpp; sourceTree = SOURCE_ROOT; };
		DD6384970D0145AB3EC10866 /* Info-App.plist */ /* Info-App.plist */ = {isa = PBXFileReference; lastKnownFileType = text.plist.xml; name = "Info-App.plist"; path = "Info-App.plist"; sourceTree = SOURCE_ROOT; };
		DFBD685C1F8F1CE001BEF091 /* include_juce_graphics.mm */ /* include_juce_graphics.mm */ = {isa = PBXFileReference; lastKnownFileType = sourcecode.cpp.objcpp; name = include_juce_graphics.mm; path = ../../JuceLibraryCode/include_juce_graphics.mm; sourceTree = SOURCE_ROOT; };
		E74CC0796F5D41B08847F892 /* LoopRecorder.h */ /* LoopRecorder.h */ = {isa = PBXFileReference; lastKnownFileType = sourcecode.c.h; name = LoopRecorder.h; path = ../../Source/LoopRecorder.h; sourceTree = SOURCE_ROOT; };
		E92CEE254620D153D003D2A7 /* WebKit.framework */ /* WebKit.framework */ = {isa = PBXFileReference; lastKnownFileType = wrapper.framework; name = WebKit.framework; path = System/Library/Frameworks/WebKit.framework; sourceTree = SDKROOT; };
		EED918219623D357A5358F28 /* juce_events */ /* juce_events */ = {isa = PBXFileReference; lastKnownFileType = folder; name = juce_events; path = /Users/aidan/Downloads/JUCE/modules/juce_events; sourceTree = "<absolute>"; };
		F43019962F9360CF5C17B552 /* juce_graphics */ /* juce_graphics */ = {isa = PBXFileReference; lastKnownFileType = folder; name = juce_graphics; path = /Users/aidan/Downloads/JUCE/modules/juce_graphics; sourceTree = "<absolute>"; };
		F666A0E302E60B8678E06A04 /* include_juce_audio_processors_headless_ara.cpp */ /* include_juce_audio_processors_headless_ara.cpp */ = {isa = PBXFileReference; lastKnownFileType = sourcecode.cpp.cpp; name = include_juce_audio_processors_headless_ara.cpp; path = ../../JuceLibraryCode/include_juce_audio_processors_headless_ara.cpp; sourceTree = SOURCE_ROOT; };
		F73FE0D2D39737FD87EDD983 /* include_juce_data_structures.mm */ /* include_juce_data_structures.mm */ = {isa = PBXFileReference; lastKnownFileType = sourcecode.cpp.objcpp; name = include_juce_data_structures.mm; path = ../../JuceLibraryCode/include_juce_data_structures.mm; sourceTree = SOURCE_ROOT; };
		F7B75CDE94F2C7032FA3A7C8 /* App */ = {isa = PBXFileReference; explicitFileType = wrapper.application; includeInIndex = 0; path = DronemakerClonev3.app; sourceTree = BUILT_PRODUCTS_DIR; };
		F9F5A84BFFCF37CB4D3D01F4 /* juce_gui_extra */ /* juce_gui_extra */ = {isa = PBXFileReference; lastKnownFileType = folder; name = juce_gui_extra; path = /Users/aidan/Downloads/JUCE/modules/juce_gui_extra; sourceTree = "<absolute>"; };
		FD3062004BA57173D96B8110 /* JuceHeader.h */ /* JuceHeader.h */ = {isa = PBXFileReference; lastKnownFileType = sourcecode.c.h; name = JuceHeader.h; path = ../../JuceLibraryCode/JuceHeader.h; sourceTree = SOURCE_ROOT; };
		FE42B70E90DB88D477184D48 /* TremoloEffect.h */ /* TremoloEffect.h */ = {isa = PBXFileReference; lastKnownFileType = sourcecode.c.h; name = TremoloEffect.h; path = ../../Source/Effects/TremoloEffect.h; sourceTree = SOURCE_ROOT; };
/* End PBXFileReference section */

/* Begin PBXFrameworksBuildPhase section */
		F0EEB4E86549F96D917F294D = {
			isa = PBXFrameworksBuildPhase;
			buildActionMask = 2147483647;
			files = (
				C3300AEDBE0701A0D9E0A2D6,
				B3C54D3506F031A27E933BAA,
				6E9EA735C6C3BA5B7FE6AE9A,
				77C449462472E98B40627E25,
				1D6AA30D8D58515EE3EBB238,
				3F92B8ADBEDCB3ADB7E5E3FA,
				6F3148B90537C7078FE6A041,
				F638E16E7C29040FB7477844,
				AC7639391E5D11B5006690B3,
				7071654B745AAC986406AF1D,
				A435D23B262105695A2192F0,
				425A87900B54C34248E6039A,
				E91C9F3D17CA5B111F0C6724,
				336A0B6D8A3D0A4ECB0E0280,
			);
			runOnlyForDeploymentPostprocessing = 0;
		};
/* End PBXFrameworksBuildPhase section */

/* Begin PBXGroup section */
		26A188C4C3ED1440121F3876 /* Modulation */ = {
			isa = PBXGroup;
			children = (
				9301C0D1FFAEE443E739D252,
				B91E1676C34B6C4C4E9B29AB,
				B4A43A30879951E76FE7C212,
				6F23E24BFE145D40E70C89F6,
			);
			name = Modulation;
			sourceTree = "<group>";
		};
		2ACF4D13127FAC00BACEA9A3 /* JUCE Modules */ = {
			isa = PBXGroup;
			children = (
				75614C5D1C566AF07BDD10B2,
				76E65157162FE7D9607A1B5D,
				8E8AEBA9B477A30B2F0D6990,
				1133BAEDCCFF955C9928D4CE,
				A878B4083E33C69B308C9CBB,
				91F1271FCE68B15DC0F6E89E,
				2746CA99A35D3D243DAC36D9,
				28987FBEF847F79A4A2EA763,
				2957EF27589AEEFBA8859076,
				EED918219623D357A5358F28,
				F43019962F9360CF5C17B552,
				77995C973047FC74553B322F,
				F9F5A84BFFCF37CB4D3D01F4,
			);
			name = "JUCE Modules";
			sourceTree = "<group>";
		};
		2B04A906AAD130AC5706DE62 /* Source */ = {
			isa = PBXGroup;
			children = (
				7A36E8D7C71524DC283FF809,
				89FABDAA426BFBBD811E7B6A,
				2FF36DE6990888AEF6B6311C,
				C4A90FBFA8E099CCD429903F,
				73C2CE6474EACFE5B22F2B4A,
				E74CC0796F5D41B08847F892,
				7DDE78D09EB9A256B66DD18D,
				2B9960C927F8A8911F576CE0,
				63578D4E360163D31EB437C4,
				6C3C19B95CBA4A1B78709354,
				906F9C73F1334798633D6C5C,
				3033C8215405B732A7CB05B5,
				DAC13DC0D96B426D8E393BB7,
				26A188C4C3ED1440121F3876,
			);
			name = Source;
			sourceTree = "<group>";
		};
		7D457639674778B272560989 /* Source */ = {
			isa = PBXGroup;
			children = (
				E9EEBA4EE22EBDC3FE5F8A55,
				2ACF4D13127FAC00BACEA9A3,
				C8A14FB5A0E0B0B63FB76A82,
				FB3A0E1708A77794D50F2E7B,
				818E47A2FEEAC1A99C160048,
				D21D0136E2609C38B98CC33E,
			);
			name = Source;
			sourceTree = "<group>";
		};
		818E47A2FEEAC1A99C160048 /* Frameworks */ = {
			isa = PBXGroup;
			children = (
				91B7D8C9B66B844748D71EE0,
				B4B5F4B9419AC75AB62A17C0,
				85A0D6A03393158B2F9A2500,
				C78D307234DD764C78D0D2D7,
				5D865F5C4E0C5C656AA8F5D8,
				29E597774F365ADDC2491183,
				01406582E09B34A43F722632,
				7A8EBC5A9EBA601B2D42DFED,
				0EF991D2BCB27585EC7F4641,
				CA6C024B2429CCD34785001E,
				91C40B59C588BEB599C5B0F2,
				E92CEE254620D153D003D2A7,
				180C635708A6589034339260,
				6C749716A2F885BA2670CA0B,
			);
			name = Frameworks;
			sourceTree = "<group>";
		};
		C8A14FB5A0E0B0B63FB76A82 /* JUCE Library Code */ = {
			isa = PBXGroup;
			children = (
				83B1D91DC77489AC25D78D07,
				CC81B413AEBCAD26D85D47CB,
				5E2FF2B97C08B9A2FFFAAA5F,
				3CDADE01B25286B6E6EFB1F1,
				015F3F77CB4919513BE56A85,
				F666A0E302E60B8678E06A04,
				8A0AD06F1EAFFDEFECAB4262,
				6E2305D167317CBEDB13E728,
				373264EEBF4B1D74EB7892D0,
				9EA6777728056C5BA63DE948,
				F73FE0D2D39737FD87EDD983,
				8D72963246B2D5EB6E005C61,
				3D4D9A881A57971D229EE843,
				DFBD685C1F8F1CE001BEF091,
				870E5B91494172D73C4F20B2,
				8477C12290249D9CABFA3707,
				1E0CF7D2AF13EDDB1E9DA716,
				56C06F5B2296FB80AAAEF5C1,
				FD3062004BA57173D96B8110,
			);
			name = "JUCE Library Code";
			sourceTree = "<group>";
		};
		D21D0136E2609C38B98CC33E /* Products */ = {
			isa = PBXGroup;
			children = (
				F7B75CDE94F2C7032FA3A7C8,
			);
			name = Products;
			sourceTree = "<group>";
		};
		DAC13DC0D96B426D8E393BB7 /* Effects */ = {
			isa = PBXGroup;
			children = (
				5AE2FF01E264506F2B785150,
				C1EF9213142E36EEB878D852,
				D4BB635B0F9B72D1A868FA69,
				CB71DDBF7054196DFD4DD6A5,
				BEC860FA20BC490C2229A725,
				794AC0382506848B3D6BFDE8,
				B1DE79342FFF52FF3FBE9F74,
				CE62DF4AFB1432351BEBC4D4,
				BEA1732E55C884953AD86015,
				FE42B70E90DB88D477184D48,
				847DBBDF148426C0D81EC857,
				41412E3D98729B0A63E2DAA4,
				37C94EB3755465B82B0B6440,
				10412D5AB9C7ABA83786F386,
				93510E6D275AE95CD5488C50,
			);
			name = Effects;
			sourceTree = "<group>";
		};
		E9EEBA4EE22EBDC3FE5F8A55 /* DronemakerClonev3 */ = {
			isa = PBXGroup;
			children = (
				2B04A906AAD130AC5706DE62,
			);
			name = DronemakerClonev3;
			sourceTree = "<group>";
		};
		FB3A0E1708A77794D50F2E7B /* Resources */ = {
			isa = PBXGroup;
			children = (
				DD6384970D0145AB3EC10866,
				518651CED7349FEA8583830D,
			);
			name = Resources;
			sourceTree = "<group>";
		};
/* End PBXGroup section */

/* Begin PBXNativeTarget section */
		0D5F3BB444880DE8647365B9 /* DronemakerClonev3 - App */ = {
			isa = PBXNativeTarget;
			buildConfigurationList = 8C2F75352F22C1BD1F03CF64;
			buildPhases = (
				B303ED0D20E964DE0103AFDE,
				B51B71415764357CE7DCFD35,
				F0EEB4E86549F96D917F294D,
			);
			buildRules = (
			);
			dependencies = (
			);
			name = "DronemakerClonev3 - App";
			productName = DronemakerClonev3;
			productReference = F7B75CDE94F2C7032FA3A7C8;
			productType = "com.apple.product-type.application";
		};
/* End PBXNativeTarget section */

/* Begin PBXProject section */
		413B9B58F9570F248454EDEC = {
			isa = PBXProject;
			attributes = {
				BuildIndependentTargetsInParallel = YES;
				LastUpgradeCheck = 1340;
				ORGANIZATIONNAME = "";
				TargetAttributes = {
					0D5F3BB444880DE8647365B9 = {
						SystemCapabilities = {
							com.apple.ApplicationGroups.iOS = {
								enabled = 0;
							};
							com.apple.HardenedRuntime = {
								enabled = 0;
							};
							com.apple.InAppPurchase = {
								enabled = 0;
							};
							com.apple.InterAppAudio = {
								enabled = 0;
							};
							com.apple.Push = {
								enabled = 0;
							};
							com.apple.Sandbox = {
								enabled = 0;
							};
						};
					};
				};
			};
			buildConfigurationList = DDEAF82F3E0343616D539F63;
			compatibilityVersion = "Xcode 3.2";
			hasScannedForEncodings = 0;
			knownRegions = (
				en,
				Base,
			);
			mainGroup = 7D457639674778B272560989;
			projectDirPath = "";
			projectRoot = "";
			targets = (
				0D5F3BB444880DE8647365B9,
			);
		};
/* End PBXProject section */

/* Begin PBXResourcesBuildPhase section */
		B303ED0D20E964DE0103AFDE = {
			isa = PBXResourcesBuildPhase;
			buildActionMask = 2147483647;
			files = (
				4B0BA4FE369861080A5BAD0D,
			);
			runOnlyForDeploymentPostprocessing = 0;
		};
/* End PBXResourcesBuildPhase section */

/* Begin PBXSourcesBuildPhase section */
		B51B71415764357CE7DCFD35 = {
			isa = PBXSourcesBuildPhase;
			buildActionMask = 2147483647;
			files = (
				4CFB75D27ADD033C3E18802F,
				6B66C38FD856DFF59ABEBB89,
				716CE2F95169BD45023DA776,
				28C6E76CF6B7DDD433293508,
				010273A97B98EE1BC91AD833,
				5AAF283468138E73ADB9575D,
				6C40F0C13C323F1AF00F39FD,
				32DD2BA179F2CDB3D5FC806A,
				FC9B2BD6533F344A4144E394,
				61AF13ACA3F0CC6E71182574,
				1BD6B8B750F032AAEA6A09E0,
				F3409EBE55A8FBD9742464A5,
				91FAC5A8C80AF843697E366C,
				A3FBC53725D25FC2DA97BCE2,
				A0936D43A5E259520CDF4B6B,
				C50893123570C718C8236120,
				203F8CA8490B909206FE4A51,
				D68876016B76C0BE08468EF4,
				688AD81C7C561C0144FEA8F7,
				1D2D597622AFFCB1780DDC45,
				A4DB946C6750723A8DA83A79,
				8F1FC85C1E8B1215FE7E2D41,
				1E3AB7E8575DF642FD479AC5,
				7C5AB72796F47B5A86F957E1,
				BF05F37FACEC59CB7C46BF45,
				330E6A4C04D712E3D2FB5AB4,
				6F4DAE9ECF7155E5249FD132,
				A988EE211086665F1D70CB98,
				A2CD47986732A93F531C06AA,
				D81EAA8861670D5CA91E5119,
				EFDFD2A30CFEF73AFAAACAA6,
				20D1C49A8F3099219EF75709,
			);
			runOnlyForDeploymentPostprocessing = 0;
		};
/* End PBXSourcesBuildPhase section */

/* Begin XCBuildConfiguration section */
		1439F4FEE5A8AA5574914EF3 /* Release */ = {
			isa = XCBuildConfiguration;
			buildSettings = {
				CLANG_CXX_LANGUAGE_STANDARD = "c++17";
				CLANG_CXX_LIBRARY = "libc++";
				CLANG_LINK_OBJC_RUNTIME = NO;
				COMBINE_HIDPI_IMAGES = YES;
				CONFIGURATION_BUILD_DIR = "$(PROJECT_DIR)/build/$(CONFIGURATION)";
				DEAD_CODE_STRIPPING = YES;
				EXCLUDED_ARCHS = "";
				GCC_GENERATE_DEBUGGING_SYMBOLS = NO;
				GCC_OPTIMIZATION_LEVEL = 3;
				GCC_PREPROCESSOR_DEFINITIONS = (
					"_NDEBUG=1",
					"NDEBUG=1",
					"JUCE_PROJUCER_VERSION=0x8000b",
					"JUCE_MODULE_AVAILABLE_juce_audio_basics=1",
					"JUCE_MODULE_AVAILABLE_juce_audio_devices=1",
					"JUCE_MODULE_AVAILABLE_juce_audio_formats=1",
					"JUCE_MODULE_AVAILABLE_juce_audio_processors=1",
					"JUCE_MODULE_AVAILABLE_juce_audio_processors_headless=1",
					"JUCE_MODULE_AVAILABLE_juce_audio_utils=1",
					"JUCE_MODULE_AVAILABLE_juce_core=1",
					"JUCE_MODULE_AVAILABLE_juce_data_structures=1",
					"JUCE_MODULE_AVAILABLE_juce_dsp=1",
					"JUCE_MODULE_AVAILABLE_juce_events=1",
					"JUCE_MODULE_AVAILABLE_juce_graphics=1",
					"JUCE_MODULE_AVAILABLE_juce_gui_basics=1",
					"JUCE_MODULE_AVAILABLE_juce_gui_extra=1",
					"JUCE_GLOBAL_MODULE_SETTINGS_INCLUDED=1",
					"JUCE_STRICT_REFCOUNTEDPOINTER=1",
					"JUCE_STANDALONE_APPLICATION=1",
					"JUCER_XCODE_MAC_F6D2F4CF=1",
					"JUCE_APP_VERSION=1.0.0",
					"JUCE_APP_VERSION_HEX=0x10000",
					"JucePlugin_Build_VST=0",
					"JucePlugin_Build_VST3=0",
					"JucePlugin_Build_AU=0",
					"JucePlugin_Build_AUv3=0",
					"JucePlugin_Build_AAX=0",
					"JucePlugin_Build_Standalone=0",
					"JucePlugin_Build_Unity=0",
					"JucePlugin_Build_LV2=0",
				);
				GCC_VERSION = com.apple.compilers.llvm.clang.1_0;
				HEADER_SEARCH_PATHS = (
					"$(SRCROOT)/../../JuceLibraryCode",
					"/Users/aidan/Downloads/JUCE/modules",
					"$(inherited)",
				);
				INFOPLIST_FILE = Info-App.plist;
				INFOPLIST_PREPROCESS = NO;
				INSTALL_PATH = "$(HOME)/Applications";
				LLVM_LTO = YES;
				MACOSX_DEPLOYMENT_TARGET = 10.13;
				MTL_HEADER_SEARCH_PATHS = "$(SRCROOT)/../../JuceLibraryCode /Users/aidan/Downloads/JUCE/modules";
				PRODUCT_BUNDLE_IDENTIFIER = com.yourcompany.DronemakerClonev3;
				PRODUCT_NAME = "DronemakerClonev3";
				USE_HEADERMAP = NO;
				VALID_ARCHS = "i386 x86_64 arm64 arm64e";
			};
			name = Release;
		};
		BDDBBD5E545BD87115280AD5 /* Debug */ = {
			isa = XCBuildConfiguration;
			buildSettings = {
				ALWAYS_SEARCH_USER_PATHS = NO;
				CLANG_ENABLE_OBJC_WEAK = YES;
				CLANG_WARN_BLOCK_CAPTURE_AUTORELEASING = YES;
				CLANG_WARN_BOOL_CONVERSION = YES;
				CLANG_WARN_COMMA = YES;
				CLANG_WARN_CONSTANT_CONVERSION = YES;
				CLANG_WARN_DEPRECATED_OBJC_IMPLEMENTATIONS = YES;
				CLANG_WARN_EMPTY_BODY = YES;
				CLANG_WARN_ENUM_CONVERSION = YES;
				CLANG_WARN_INFINITE_RECURSION = YES;
				CLANG_WARN_INT_CONVERSION = YES;
				CLANG_WARN_NON_LITERAL_NULL_CONVERSION = YES;
				CLANG_WARN_OBJC_IMPLICIT_RETAIN_SELF = YES;
				CLANG_WARN_OBJC_LITERAL_CONVERSION = YES;
				CLANG_WARN_RANGE_LOOP_ANALYSIS = YES;
				CLANG_WARN_STRICT_PROTOTYPES = YES;
				CLANG_WARN_SUSPICIOUS_MOVE = YES;
				CLANG_WARN_UNREACHABLE_CODE = YES;
				CLANG_WARN__DUPLICATE_METHOD_MATCH = YES;
				DEBUG_INFORMATION_FORMAT = dwarf;
				ENABLE_STRICT_OBJC_MSGSEND = YES;
				ENABLE_TESTABILITY = NO;
				GCC_C_LANGUAGE_STANDARD = c11;
				GCC_INLINES_ARE_PRIVATE_EXTERN = YES;
				GCC_MODEL_TUNING = G5;
				GCC_NO_COMMON_BLOCKS = YES;
				GCC_SYMBOLS_PRIVATE_EXTERN = YES;
				GCC_WARN_64_TO_32_BIT_CONVERSION = YES;
				GCC_WARN_ABOUT_RETURN_TYPE = YES;
				GCC_WARN_CHECK_SWITCH_STATEMENTS = YES;
				GCC_WARN_MISSING_PARENTHESES = YES;
				GCC_WARN_NON_VIRTUAL_DESTRUCTOR = YES;
				GCC_WARN_TYPECHECK_CALLS_TO_PRINTF = YES;
				GCC_WARN_UNDECLARED_SELECTOR = YES;
				GCC_WARN_UNINITIALIZED_AUTOS = YES;
				GCC_WARN_UNUSED_FUNCTION = YES;
				GCC_WARN_UNUSED_VARIABLE = YES;
				ONLY_ACTIVE_ARCH = YES;
				OTHER_CODE_SIGN_FLAGS = --timestamp;
				PRODUCT_NAME = "DronemakerClonev3";
				SDKROOT = macosx;
				WARNING_CFLAGS = "-Wreorder";
				ZERO_LINK = NO;
			};
			name = Debug;
		};
		CA8101580B31B307AF8387E3 /* Release */ = {
			isa = XCBuildConfiguration;
			buildSettings = {
				ALWAYS_SEARCH_USER_PATHS = NO;
				CLANG_ENABLE_OBJC_WEAK = YES;
				CLANG_WARN_BLOCK_CAPTURE_AUTORELEASING = YES;
				CLANG_WARN_BOOL_CONVERSION = YES;
				CLANG_WARN_COMMA = YES;
				CLANG_WARN_CONSTANT_CONVERSION = YES;
				CLANG_WARN_DEPRECATED_OBJC_IMPLEMENTATIONS = YES;
				CLANG_WARN_EMPTY_BODY = YES;
				CLANG_WARN_ENUM_CONVERSION = YES;
				CLANG_WARN_INFINITE_RECURSION = YES;
				CLANG_WARN_INT_CONVERSION = YES;
				CLANG_WARN_NON_LITERAL_NULL_CONVERSION = YES;
				CLANG_WARN_OBJC_IMPLICIT_RETAIN_SELF = YES;
				CLANG_WARN_OBJC_LITERAL_CONVERSION = YES;
				CLANG_WARN_RANGE_LOOP_ANALYSIS = YES;
				CLANG_WARN_STRICT_PROTOTYPES = YES;
				CLANG_WARN_SUSPICIOUS_MOVE = YES;
				CLANG_WARN_UNREACHABLE_CODE = YES;
				CLANG_WARN__DUPLICATE_METHOD_MATCH = YES;
				DEBUG_INFORMATION_FORMAT = dwarf;
				ENABLE_STRICT_OBJC_MSGSEND = YES;
				ENABLE_TESTABILITY = NO;
				GCC_C_LANGUAGE_STANDARD = c11;
				GCC_INLINES_ARE_PRIVATE_EXTERN = YES;
				GCC_MODEL_TUNING = G5;
				GCC_NO_COMMON_BLOCKS = YES;
				GCC_SYMBOLS_PRIVATE_EXTERN = YES;
				GCC_WARN_64_TO_32_BIT_CONVERSION = YES;
				GCC_WARN_ABOUT_RETURN_TYPE = YES;
				GCC_WARN_CHECK_SWITCH_STATEMENTS = YES;
				GCC_WARN_MISSING_PARENTHESES = YES;
				GCC_WARN_NON_VIRTUAL_DESTRUCTOR = YES;
				GCC_WARN_TYPECHECK_CALLS_TO_PRINTF = YES;
				GCC_WARN_UNDECLARED_SELECTOR = YES;
				GCC_WARN_UNINITIALIZED_AUTOS = YES;
				GCC_WARN_UNUSED_FUNCTION = YES;
				GCC_WARN_UNUSED_VARIABLE = YES;
				OTHER_CODE_SIGN_FLAGS = --timestamp;
				PRODUCT_NAME = "DronemakerClonev3";
				SDKROOT = macosx;
				WARNING_CFLAGS = "-Wreorder";
				ZERO_LINK = NO;
			};
			name = Release;
		};
		EDC5B96F8EF1806ABE900266 /* Debug */ = {
			isa = XCBuildConfiguration;
			buildSettings = {
				CLANG_CXX_LANGUAGE_STANDARD = "c++17";
				CLANG_CXX_LIBRARY = "libc++";
				CLANG_LINK_OBJC_RUNTIME = NO;
				COMBINE_HIDPI_IMAGES = YES;
				CONFIGURATION_BUILD_DIR = "$(PROJECT_DIR)/build/$(CONFIGURATION)";
				COPY_PHASE_STRIP = NO;
				EXCLUDED_ARCHS = "";
				GCC_DYNAMIC_NO_PIC = NO;
				GCC_OPTIMIZATION_LEVEL = 0;
				GCC_PREPROCESSOR_DEFINITIONS = (
					"_DEBUG=1",
					"DEBUG=1",
					"JUCE_PROJUCER_VERSION=0x8000b",
					"JUCE_MODULE_AVAILABLE_juce_audio_basics=1",
					"JUCE_MODULE_AVAILABLE_juce_audio_devices=1",
					"JUCE_MODULE_AVAILABLE_juce_audio_formats=1",
					"JUCE_MODULE_AVAILABLE_juce_audio_processors=1",
					"JUCE_MODULE_AVAILABLE_juce_audio_processors_headless=1",
					"JUCE_MODULE_AVAILABLE_juce_audio_utils=1",
					"JUCE_MODULE_AVAILABLE_juce_core=1",
					"JUCE_MODULE_AVAILABLE_juce_data_structures=1",
					"JUCE_MODULE_AVAILABLE_juce_dsp=1",
					"JUCE_MODULE_AVAILABLE_juce_events=1",
					"JUCE_MODULE_AVAILABLE_juce_graphics=1",
					"JUCE_MODULE_AVAILABLE_juce_gui_basics=1",
					"JUCE_MODULE_AVAILABLE_juce_gui_extra=1",
					"JUCE_GLOBAL_MODULE_SETTINGS_INCLUDED=1",
					"JUCE_STRICT_REFCOUNTEDPOINTER=1",
					"JUCE_STANDALONE_APPLICATION=1",
					"JUCER_XCODE_MAC_F6D2F4CF=1",
					"JUCE_APP_VERSION=1.0.0",
					"JUCE_APP_VERSION_HEX=0x10000",
					"JucePlugin_Build_VST=0",
					"JucePlugin_Build_VST3=0",
					"JucePlugin_Build_AU=0",
					"JucePlugin_Build_AUv3=0",
					"JucePlugin_Build_AAX=0",
					"JucePlugin_Build_Standalone=0",
					"JucePlugin_Build_Unity=0",
					"JucePlugin_Build_LV2=0",
				);
				GCC_VERSION = com.apple.compilers.llvm.clang.1_0;
				HEADER_SEARCH_PATHS = (
					"$(SRCROOT)/../../JuceLibraryCode",
					"/Users/aidan/Downloads/JUCE/modules",
					"$(inherited)",
				);
				INFOPLIST_FILE = Info-App.plist;
				INFOPLIST_PREPROCESS = NO;
				INSTALL_PATH = "$(HOME)/Applications";
				MACOSX_DEPLOYMENT_TARGET = 10.13;
				MTL_HEADER_SEARCH_PATHS = "$(SRCROOT)/../../JuceLibraryCode /Users/aidan/Downloads/JUCE/modules";
				PRODUCT_BUNDLE_IDENTIFIER = com.yourcompany.DronemakerClonev3;
				PRODUCT_NAME = "DronemakerClonev3";
				USE_HEADERMAP = NO;
				VALID_ARCHS = "i386 x86_64 arm64 arm64e";
			};
			name = Debug;
		};
/* End XCBuildConfiguration section */

/* Begin XCConfigurationList section */
		8C2F75352F22C1BD1F03CF64 = {
			isa = XCConfigurationList;
			buildConfigurations = (
				EDC5B96F8EF1806ABE900266,
				1439F4FEE5A8AA5574914EF3,
			);
			defaultConfigurationIsVisible = 0;
			defaultConfigurationName = Debug;
		};
		DDEAF82F3E0343616D539F63 = {
			isa = XCConfigurationList;
			buildConfigurations = (
				BDDBBD5E545BD87115280AD5,
				CA8101580B31B307AF8387E3,
			);
			defaultConfigurationIsVisible = 0;
			defaultConfigurationName = Debug;
		};
/* End XCConfigurationList section */
	};
	rootObject = 413B9B58F9570F248454EDEC /* Project object */;
}
